
Microsoft Visual Studio Solution File, Format Version 12.00
# Visual Studio Version 17
VisualStudioVersion = 17.7.34221.43
MinimumVisualStudioVersion = 10.0.40219.1
Project("{FAE04EC0-301F-11D3-BF4B-00C04F79EFBC}") = "Ast Generator", "Ast Generator.csproj", "{1207E14D-A640-4D4D-A69E-4DD0B52B360A}"
EndProject
Global
	GlobalSection(SolutionConfigurationPlatforms) = preSolution
		Debug|Any CPU = Debug|Any CPU
		Release|Any CPU = Release|Any CPU
	EndGlobalSection
	GlobalSection(ProjectConfigurationPlatforms) = postSolution
		{1207E14D-A640-4D4D-A69E-4DD0B52B360A}.Debug|Any CPU.ActiveCfg = Debug|Any CPU
		{1207E14D-A640-4D4D-A69E-4DD0B52B360A}.Debug|Any CPU.Build.0 = Debug|Any CPU
		{1207E14D-A640-4D4D-A69E-4DD0B52B360A}.Release|Any CPU.ActiveCfg = Release|Any CPU
		{1207E14D-A640-4D4D-A69E-4DD0B52B360A}.Release|Any CPU.Build.0 = Release|Any CPU
	EndGlobalSection
	GlobalSection(SolutionProperties) = preSolution
		HideSolutionNode = FALSE
	EndGlobalSection
	GlobalSection(ExtensibilityGlobals) = postSolution
		SolutionGuid = {F5E522D1-5179-41A8-8799-D0363A83A1A6}
	EndGlobalSection
EndGlobal
